
Microsoft Visual Studio Solution File, Format Version 12.00
# Visual Studio 2013
VisualStudioVersion = 12.0.40629.0
MinimumVisualStudioVersion = 10.0.40219.1
Project("{2150E333-8FDC-42A3-9474-1A3956D46DE8}") = "smart_pointer", "smart_pointer", "{53AB46E2-A984-48A3-9375-96645E75A0A9}"
EndProject
Project("{8BC9CEB8-8B4A-11D0-8D11-00A0C91BC942}") = "smartPointer", "smartPointer\smartPointer.vcxproj", "{283892FC-9146-47EF-A4D5-48FA0EA01309}"
EndProject
Project("{2150E333-8FDC-42A3-9474-1A3956D46DE8}") = "exception", "exception", "{41F08AE4-D85B-4B72-A2EC-138DF59F6894}"
EndProject
Project("{8BC9CEB8-8B4A-11D0-8D11-00A0C91BC942}") = "exceptionTest", "exceptionTest\exceptionTest.vcxproj", "{7DD772FE-9E48-473F-A454-F475DC15D3CA}"
EndProject
Project("{8BC9CEB8-8B4A-11D0-8D11-00A0C91BC942}") = "initializer_list", "initializer_list\initializer_list.vcxproj", "{38CAFA55-A42A-4D9C-8FD6-C907DC9B356E}"
EndProject
Project("{8BC9CEB8-8B4A-11D0-8D11-00A0C91BC942}") = "lamda_001", "lamda_001\lamda_001.vcxproj", "{C4B7A240-85B4-4A6D-8287-D470E8C230A6}"
EndProject
Project("{8BC9CEB8-8B4A-11D0-8D11-00A0C91BC942}") = "cont_test", "cont_test\cont_test.vcxproj", "{F8BC60F6-0E10-4C19-8B83-AAF007A13294}"
EndProject
Project("{2150E333-8FDC-42A3-9474-1A3956D46DE8}") = "idl", "idl", "{DA9160DF-D076-4EBD-9C8D-705B2C92BBA2}"
EndProject
Project("{8BC9CEB8-8B4A-11D0-8D11-00A0C91BC942}") = "idlArray", "idlArray\idlArray.vcxproj", "{82AF02F7-F237-4F83-9AEE-50E8EDB15B80}"
EndProject
Project("{8BC9CEB8-8B4A-11D0-8D11-00A0C91BC942}") = "rpcServer", "rpcServer\rpcServer.vcxproj", "{569A93DE-93A2-4BEE-9C46-D7CA2EB9C23F}"
	ProjectSection(ProjectDependencies) = postProject
		{82AF02F7-F237-4F83-9AEE-50E8EDB15B80} = {82AF02F7-F237-4F83-9AEE-50E8EDB15B80}
	EndProjectSection
EndProject
Project("{8BC9CEB8-8B4A-11D0-8D11-00A0C91BC942}") = "rpcClient", "rpcClient\rpcClient.vcxproj", "{B28680A8-C582-4AC7-8021-9159D243D464}"
	ProjectSection(ProjectDependencies) = postProject
		{82AF02F7-F237-4F83-9AEE-50E8EDB15B80} = {82AF02F7-F237-4F83-9AEE-50E8EDB15B80}
	EndProjectSection
EndProject
Project("{2150E333-8FDC-42A3-9474-1A3956D46DE8}") = "service", "service", "{280557A0-5489-4F9F-A203-16AA7EF5539F}"
EndProject
Project("{8BC9CEB8-8B4A-11D0-8D11-00A0C91BC942}") = "winServiceDemo", "winServiceDemo\winServiceDemo.vcxproj", "{1738C09F-38B4-48A2-B31A-301D5D7FBED3}"
EndProject
Project("{8BC9CEB8-8B4A-11D0-8D11-00A0C91BC942}") = "winServiceDemoControl", "winServiceDemoControl\winServiceDemoControl.vcxproj", "{6B8F7A89-4D05-478B-B55C-C5D347637466}"
EndProject
Project("{8BC9CEB8-8B4A-11D0-8D11-00A0C91BC942}") = "winServiceDemoConfig", "winServiceDemoConfig\winServiceDemoConfig.vcxproj", "{C30B8263-1E81-4E5E-BDD4-E3624F92A47F}"
EndProject
Project("{2150E333-8FDC-42A3-9474-1A3956D46DE8}") = "packing", "packing", "{F7E4B594-1B8C-4F30-9EBA-91E58F682E46}"
EndProject
Project("{930C7802-8A8C-48F9-8165-68863BCCD9DD}") = "wixWinServiceDemo", "wixWinServiceDemo\wixWinServiceDemo.wixproj", "{1E712935-B4C8-45E4-BDA5-205709F31744}"
	ProjectSection(ProjectDependencies) = postProject
		{C30B8263-1E81-4E5E-BDD4-E3624F92A47F} = {C30B8263-1E81-4E5E-BDD4-E3624F92A47F}
		{6B8F7A89-4D05-478B-B55C-C5D347637466} = {6B8F7A89-4D05-478B-B55C-C5D347637466}
		{1738C09F-38B4-48A2-B31A-301D5D7FBED3} = {1738C09F-38B4-48A2-B31A-301D5D7FBED3}
	EndProjectSection
EndProject
Project("{8BC9CEB8-8B4A-11D0-8D11-00A0C91BC942}") = "moveTest", "moveTest\moveTest.vcxproj", "{FB9C9B7B-26CD-4965-9281-9C61EF981038}"
EndProject
Project("{8BC9CEB8-8B4A-11D0-8D11-00A0C91BC942}") = "dllDemo", "dllDemo\dllDemo.vcxproj", "{0B52710F-391D-4433-A9CF-52E23567AA4E}"
EndProject
Project("{8BC9CEB8-8B4A-11D0-8D11-00A0C91BC942}") = "dllDemoWithoutExportSymbol", "dllDemoWithoutExportSymbol\dllDemoWithoutExportSymbol.vcxproj", "{30858247-EF6A-45F8-93A4-89A95A0A4F2B}"
EndProject
Project("{FAE04EC0-301F-11D3-BF4B-00C04F79EFBC}") = "libCSharpEcho", "libCSharpEcho\libCSharpEcho.csproj", "{52D655DF-DEE2-496D-A945-8BE207862FEB}"
EndProject
Project("{8BC9CEB8-8B4A-11D0-8D11-00A0C91BC942}") = "EchoClient", "EchoClient\EchoClient.vcxproj", "{6BDAB0E1-B68D-48D7-9C21-2F2ADE6F1CB4}"
	ProjectSection(ProjectDependencies) = postProject
		{52D655DF-DEE2-496D-A945-8BE207862FEB} = {52D655DF-DEE2-496D-A945-8BE207862FEB}
	EndProjectSection
EndProject
Project("{8BC9CEB8-8B4A-11D0-8D11-00A0C91BC942}") = "uiControlClient", "uiControlClient\uiControlClient.vcxproj", "{A7AF81A8-D643-422F-A2FE-97929AD7EB2E}"
EndProject
Project("{FAE04EC0-301F-11D3-BF4B-00C04F79EFBC}") = "uiControl", "uiControl\uiControl.csproj", "{6860084A-CDB8-43F8-9C23-41F1618EA01C}"
EndProject
Project("{8BC9CEB8-8B4A-11D0-8D11-00A0C91BC942}") = "idlEcho", "idlEcho\idlEcho.vcxproj", "{0B010678-F8E8-4BC4-928C-72B3B74B145F}"
EndProject
Project("{FAE04EC0-301F-11D3-BF4B-00C04F79EFBC}") = "jsonSerializationTest", "jsonSerializationTest\jsonSerializationTest.csproj", "{58928C02-9A40-499C-A91C-18D7D44191A4}"
EndProject
Project("{FAE04EC0-301F-11D3-BF4B-00C04F79EFBC}") = "jsonSerializationDemo", "jsonSerializationDemo\jsonSerializationDemo.csproj", "{6E06CB55-F289-4A54-B9D1-5133CB7C905F}"
EndProject
Project("{FAE04EC0-301F-11D3-BF4B-00C04F79EFBC}") = "TAPTest", "TAPTest\TAPTest.csproj", "{B97FEF09-C1C1-4B76-9B91-B5472EFDA168}"
EndProject
Project("{2150E333-8FDC-42A3-9474-1A3956D46DE8}") = "activeX", "activeX", "{4A823D02-BAF7-41E0-B9ED-F3C3A3373DB3}"
EndProject
Project("{8BC9CEB8-8B4A-11D0-8D11-00A0C91BC942}") = "MyActiveX", "MyActiveX\MyActiveX.vcxproj", "{A4439BDA-E1DE-419E-AF98-A5674E6B8DFC}"
EndProject
Project("{8BC9CEB8-8B4A-11D0-8D11-00A0C91BC942}") = "MyActiveXClient", "MyActiveXClient\MyActiveXClient.vcxproj", "{9B8764F0-E298-4A87-8862-1586B08360B1}"
EndProject
Project("{8BC9CEB8-8B4A-11D0-8D11-00A0C91BC942}") = "idlRPCTransport", "idlRPC\idlRPC.vcxproj", "{DA3518F2-AF14-4D2C-924A-8BA45603A3AE}"
EndProject
Project("{FAE04EC0-301F-11D3-BF4B-00C04F79EFBC}") = "RpcLibrary", "RpcLibrary\RpcLibrary.csproj", "{53E005FD-1255-48AF-B9A0-37A796BD93BA}"
EndProject
Project("{FAE04EC0-301F-11D3-BF4B-00C04F79EFBC}") = "RpcTransport", "RpcTransport\RpcTransport.csproj", "{28BF39E0-9CF6-47C2-BC35-00E6ADAB7A05}"
EndProject
Project("{8BC9CEB8-8B4A-11D0-8D11-00A0C91BC942}") = "idlExecute", "idlExecute\idlExecute.vcxproj", "{55795FDB-D7CB-4084-ACE3-5628959ED99E}"
EndProject
Project("{8BC9CEB8-8B4A-11D0-8D11-00A0C91BC942}") = "RpcTransportServer", "RpcTransportServer\RpcTransportServer.vcxproj", "{2C025C5B-CB7B-4021-BD50-84CDD7F5A9BA}"
EndProject
Project("{8BC9CEB8-8B4A-11D0-8D11-00A0C91BC942}") = "RpcTransportClient", "RpcTransportClient\RpcTransportClient.vcxproj", "{880D2A56-A7B3-46FD-95D2-21EAA3D504D2}"
EndProject
Project("{FAE04EC0-301F-11D3-BF4B-00C04F79EFBC}") = "RpcCSTransportClient", "RpcCSTransport\RpcCSTransportClient.csproj", "{6E968823-97BC-4DF3-B0CD-80C1687A6DF3}"
EndProject
Project("{FAE04EC0-301F-11D3-BF4B-00C04F79EFBC}") = "RpcCSTransportServer", "RpcCSTransportServer\RpcCSTransportServer.csproj", "{F09208A0-F1C9-4447-86F1-EFFA98720E17}"
EndProject
Project("{FAE04EC0-301F-11D3-BF4B-00C04F79EFBC}") = "RpcProtocolServer", "RpcProtocolServer\RpcProtocolServer.csproj", "{CB0E126C-7148-4CE9-9F96-A80A725A2E1E}"
EndProject
Project("{8BC9CEB8-8B4A-11D0-8D11-00A0C91BC942}") = "RpcProtocol", "RpcProtocol\RpcProtocol.vcxproj", "{E8B621C0-C6FA-44D3-94B8-D73346B2EA9A}"
EndProject
Project("{FAE04EC0-301F-11D3-BF4B-00C04F79EFBC}") = "RpcProtocolClient", "RpcProtocolClient\RpcProtocolClient.csproj", "{8A12954D-1F6A-4F84-BEC5-F00477780D74}"
EndProject
Global
	GlobalSection(SolutionConfigurationPlatforms) = preSolution
		Debug|Any CPU = Debug|Any CPU
		Debug|Mixed Platforms = Debug|Mixed Platforms
		Debug|Win32 = Debug|Win32
		Debug|x64 = Debug|x64
		Debug|x86 = Debug|x86
		Release|Any CPU = Release|Any CPU
		Release|Mixed Platforms = Release|Mixed Platforms
		Release|Win32 = Release|Win32
		Release|x64 = Release|x64
		Release|x86 = Release|x86
	EndGlobalSection
	GlobalSection(ProjectConfigurationPlatforms) = postSolution
		{283892FC-9146-47EF-A4D5-48FA0EA01309}.Debug|Any CPU.ActiveCfg = Debug|Win32
		{283892FC-9146-47EF-A4D5-48FA0EA01309}.Debug|Mixed Platforms.ActiveCfg = Debug|Win32
		{283892FC-9146-47EF-A4D5-48FA0EA01309}.Debug|Mixed Platforms.Build.0 = Debug|Win32
		{283892FC-9146-47EF-A4D5-48FA0EA01309}.Debug|Win32.ActiveCfg = Debug|Win32
		{283892FC-9146-47EF-A4D5-48FA0EA01309}.Debug|Win32.Build.0 = Debug|Win32
		{283892FC-9146-47EF-A4D5-48FA0EA01309}.Debug|x64.ActiveCfg = Debug|Win32
		{283892FC-9146-47EF-A4D5-48FA0EA01309}.Debug|x86.ActiveCfg = Debug|Win32
		{283892FC-9146-47EF-A4D5-48FA0EA01309}.Debug|x86.Build.0 = Debug|Win32
		{283892FC-9146-47EF-A4D5-48FA0EA01309}.Release|Any CPU.ActiveCfg = Release|Win32
		{283892FC-9146-47EF-A4D5-48FA0EA01309}.Release|Mixed Platforms.ActiveCfg = Release|Win32
		{283892FC-9146-47EF-A4D5-48FA0EA01309}.Release|Mixed Platforms.Build.0 = Release|Win32
		{283892FC-9146-47EF-A4D5-48FA0EA01309}.Release|Win32.ActiveCfg = Release|Win32
		{283892FC-9146-47EF-A4D5-48FA0EA01309}.Release|Win32.Build.0 = Release|Win32
		{283892FC-9146-47EF-A4D5-48FA0EA01309}.Release|x64.ActiveCfg = Release|Win32
		{283892FC-9146-47EF-A4D5-48FA0EA01309}.Release|x86.ActiveCfg = Release|Win32
		{283892FC-9146-47EF-A4D5-48FA0EA01309}.Release|x86.Build.0 = Release|Win32
		{7DD772FE-9E48-473F-A454-F475DC15D3CA}.Debug|Any CPU.ActiveCfg = Debug|Win32
		{7DD772FE-9E48-473F-A454-F475DC15D3CA}.Debug|Mixed Platforms.ActiveCfg = Debug|Win32
		{7DD772FE-9E48-473F-A454-F475DC15D3CA}.Debug|Mixed Platforms.Build.0 = Debug|Win32
		{7DD772FE-9E48-473F-A454-F475DC15D3CA}.Debug|Win32.ActiveCfg = Debug|Win32
		{7DD772FE-9E48-473F-A454-F475DC15D3CA}.Debug|Win32.Build.0 = Debug|Win32
		{7DD772FE-9E48-473F-A454-F475DC15D3CA}.Debug|x64.ActiveCfg = Debug|Win32
		{7DD772FE-9E48-473F-A454-F475DC15D3CA}.Debug|x86.ActiveCfg = Debug|Win32
		{7DD772FE-9E48-473F-A454-F475DC15D3CA}.Debug|x86.Build.0 = Debug|Win32
		{7DD772FE-9E48-473F-A454-F475DC15D3CA}.Release|Any CPU.ActiveCfg = Release|Win32
		{7DD772FE-9E48-473F-A454-F475DC15D3CA}.Release|Mixed Platforms.ActiveCfg = Release|Win32
		{7DD772FE-9E48-473F-A454-F475DC15D3CA}.Release|Mixed Platforms.Build.0 = Release|Win32
		{7DD772FE-9E48-473F-A454-F475DC15D3CA}.Release|Win32.ActiveCfg = Release|Win32
		{7DD772FE-9E48-473F-A454-F475DC15D3CA}.Release|Win32.Build.0 = Release|Win32
		{7DD772FE-9E48-473F-A454-F475DC15D3CA}.Release|x64.ActiveCfg = Release|Win32
		{7DD772FE-9E48-473F-A454-F475DC15D3CA}.Release|x86.ActiveCfg = Release|Win32
		{7DD772FE-9E48-473F-A454-F475DC15D3CA}.Release|x86.Build.0 = Release|Win32
		{38CAFA55-A42A-4D9C-8FD6-C907DC9B356E}.Debug|Any CPU.ActiveCfg = Debug|Win32
		{38CAFA55-A42A-4D9C-8FD6-C907DC9B356E}.Debug|Mixed Platforms.ActiveCfg = Debug|Win32
		{38CAFA55-A42A-4D9C-8FD6-C907DC9B356E}.Debug|Mixed Platforms.Build.0 = Debug|Win32
		{38CAFA55-A42A-4D9C-8FD6-C907DC9B356E}.Debug|Win32.ActiveCfg = Debug|Win32
		{38CAFA55-A42A-4D9C-8FD6-C907DC9B356E}.Debug|Win32.Build.0 = Debug|Win32
		{38CAFA55-A42A-4D9C-8FD6-C907DC9B356E}.Debug|x64.ActiveCfg = Debug|Win32
		{38CAFA55-A42A-4D9C-8FD6-C907DC9B356E}.Debug|x86.ActiveCfg = Debug|Win32
		{38CAFA55-A42A-4D9C-8FD6-C907DC9B356E}.Debug|x86.Build.0 = Debug|Win32
		{38CAFA55-A42A-4D9C-8FD6-C907DC9B356E}.Release|Any CPU.ActiveCfg = Release|Win32
		{38CAFA55-A42A-4D9C-8FD6-C907DC9B356E}.Release|Mixed Platforms.ActiveCfg = Release|Win32
		{38CAFA55-A42A-4D9C-8FD6-C907DC9B356E}.Release|Mixed Platforms.Build.0 = Release|Win32
		{38CAFA55-A42A-4D9C-8FD6-C907DC9B356E}.Release|Win32.ActiveCfg = Release|Win32
		{38CAFA55-A42A-4D9C-8FD6-C907DC9B356E}.Release|Win32.Build.0 = Release|Win32
		{38CAFA55-A42A-4D9C-8FD6-C907DC9B356E}.Release|x64.ActiveCfg = Release|Win32
		{38CAFA55-A42A-4D9C-8FD6-C907DC9B356E}.Release|x86.ActiveCfg = Release|Win32
		{38CAFA55-A42A-4D9C-8FD6-C907DC9B356E}.Release|x86.Build.0 = Release|Win32
		{C4B7A240-85B4-4A6D-8287-D470E8C230A6}.Debug|Any CPU.ActiveCfg = Debug|Win32
		{C4B7A240-85B4-4A6D-8287-D470E8C230A6}.Debug|Mixed Platforms.ActiveCfg = Debug|Win32
		{C4B7A240-85B4-4A6D-8287-D470E8C230A6}.Debug|Mixed Platforms.Build.0 = Debug|Win32
		{C4B7A240-85B4-4A6D-8287-D470E8C230A6}.Debug|Win32.ActiveCfg = Debug|Win32
		{C4B7A240-85B4-4A6D-8287-D470E8C230A6}.Debug|Win32.Build.0 = Debug|Win32
		{C4B7A240-85B4-4A6D-8287-D470E8C230A6}.Debug|x64.ActiveCfg = Debug|Win32
		{C4B7A240-85B4-4A6D-8287-D470E8C230A6}.Debug|x86.ActiveCfg = Debug|Win32
		{C4B7A240-85B4-4A6D-8287-D470E8C230A6}.Debug|x86.Build.0 = Debug|Win32
		{C4B7A240-85B4-4A6D-8287-D470E8C230A6}.Release|Any CPU.ActiveCfg = Release|Win32
		{C4B7A240-85B4-4A6D-8287-D470E8C230A6}.Release|Mixed Platforms.ActiveCfg = Release|Win32
		{C4B7A240-85B4-4A6D-8287-D470E8C230A6}.Release|Mixed Platforms.Build.0 = Release|Win32
		{C4B7A240-85B4-4A6D-8287-D470E8C230A6}.Release|Win32.ActiveCfg = Release|Win32
		{C4B7A240-85B4-4A6D-8287-D470E8C230A6}.Release|Win32.Build.0 = Release|Win32
		{C4B7A240-85B4-4A6D-8287-D470E8C230A6}.Release|x64.ActiveCfg = Release|Win32
		{C4B7A240-85B4-4A6D-8287-D470E8C230A6}.Release|x86.ActiveCfg = Release|Win32
		{C4B7A240-85B4-4A6D-8287-D470E8C230A6}.Release|x86.Build.0 = Release|Win32
		{F8BC60F6-0E10-4C19-8B83-AAF007A13294}.Debug|Any CPU.ActiveCfg = Debug|Win32
		{F8BC60F6-0E10-4C19-8B83-AAF007A13294}.Debug|Mixed Platforms.ActiveCfg = Debug|Win32
		{F8BC60F6-0E10-4C19-8B83-AAF007A13294}.Debug|Mixed Platforms.Build.0 = Debug|Win32
		{F8BC60F6-0E10-4C19-8B83-AAF007A13294}.Debug|Win32.ActiveCfg = Debug|Win32
		{F8BC60F6-0E10-4C19-8B83-AAF007A13294}.Debug|Win32.Build.0 = Debug|Win32
		{F8BC60F6-0E10-4C19-8B83-AAF007A13294}.Debug|x64.ActiveCfg = Debug|Win32
		{F8BC60F6-0E10-4C19-8B83-AAF007A13294}.Debug|x86.ActiveCfg = Debug|Win32
		{F8BC60F6-0E10-4C19-8B83-AAF007A13294}.Debug|x86.Build.0 = Debug|Win32
		{F8BC60F6-0E10-4C19-8B83-AAF007A13294}.Release|Any CPU.ActiveCfg = Release|Win32
		{F8BC60F6-0E10-4C19-8B83-AAF007A13294}.Release|Mixed Platforms.ActiveCfg = Release|Win32
		{F8BC60F6-0E10-4C19-8B83-AAF007A13294}.Release|Mixed Platforms.Build.0 = Release|Win32
		{F8BC60F6-0E10-4C19-8B83-AAF007A13294}.Release|Win32.ActiveCfg = Release|Win32
		{F8BC60F6-0E10-4C19-8B83-AAF007A13294}.Release|Win32.Build.0 = Release|Win32
		{F8BC60F6-0E10-4C19-8B83-AAF007A13294}.Release|x64.ActiveCfg = Release|Win32
		{F8BC60F6-0E10-4C19-8B83-AAF007A13294}.Release|x86.ActiveCfg = Release|Win32
		{F8BC60F6-0E10-4C19-8B83-AAF007A13294}.Release|x86.Build.0 = Release|Win32
		{82AF02F7-F237-4F83-9AEE-50E8EDB15B80}.Debug|Any CPU.ActiveCfg = Debug|Win32
		{82AF02F7-F237-4F83-9AEE-50E8EDB15B80}.Debug|Mixed Platforms.ActiveCfg = Debug|Win32
		{82AF02F7-F237-4F83-9AEE-50E8EDB15B80}.Debug|Mixed Platforms.Build.0 = Debug|Win32
		{82AF02F7-F237-4F83-9AEE-50E8EDB15B80}.Debug|Win32.ActiveCfg = Debug|Win32
		{82AF02F7-F237-4F83-9AEE-50E8EDB15B80}.Debug|Win32.Build.0 = Debug|Win32
		{82AF02F7-F237-4F83-9AEE-50E8EDB15B80}.Debug|x64.ActiveCfg = Debug|Win32
		{82AF02F7-F237-4F83-9AEE-50E8EDB15B80}.Debug|x86.ActiveCfg = Debug|Win32
		{82AF02F7-F237-4F83-9AEE-50E8EDB15B80}.Debug|x86.Build.0 = Debug|Win32
		{82AF02F7-F237-4F83-9AEE-50E8EDB15B80}.Release|Any CPU.ActiveCfg = Release|Win32
		{82AF02F7-F237-4F83-9AEE-50E8EDB15B80}.Release|Mixed Platforms.ActiveCfg = Release|Win32
		{82AF02F7-F237-4F83-9AEE-50E8EDB15B80}.Release|Mixed Platforms.Build.0 = Release|Win32
		{82AF02F7-F237-4F83-9AEE-50E8EDB15B80}.Release|Win32.ActiveCfg = Release|Win32
		{82AF02F7-F237-4F83-9AEE-50E8EDB15B80}.Release|Win32.Build.0 = Release|Win32
		{82AF02F7-F237-4F83-9AEE-50E8EDB15B80}.Release|x64.ActiveCfg = Release|Win32
		{82AF02F7-F237-4F83-9AEE-50E8EDB15B80}.Release|x86.ActiveCfg = Release|Win32
		{82AF02F7-F237-4F83-9AEE-50E8EDB15B80}.Release|x86.Build.0 = Release|Win32
		{569A93DE-93A2-4BEE-9C46-D7CA2EB9C23F}.Debug|Any CPU.ActiveCfg = Debug|Win32
		{569A93DE-93A2-4BEE-9C46-D7CA2EB9C23F}.Debug|Mixed Platforms.ActiveCfg = Debug|Win32
		{569A93DE-93A2-4BEE-9C46-D7CA2EB9C23F}.Debug|Mixed Platforms.Build.0 = Debug|Win32
		{569A93DE-93A2-4BEE-9C46-D7CA2EB9C23F}.Debug|Win32.ActiveCfg = Debug|Win32
		{569A93DE-93A2-4BEE-9C46-D7CA2EB9C23F}.Debug|Win32.Build.0 = Debug|Win32
		{569A93DE-93A2-4BEE-9C46-D7CA2EB9C23F}.Debug|x64.ActiveCfg = Debug|Win32
		{569A93DE-93A2-4BEE-9C46-D7CA2EB9C23F}.Debug|x86.ActiveCfg = Debug|Win32
		{569A93DE-93A2-4BEE-9C46-D7CA2EB9C23F}.Debug|x86.Build.0 = Debug|Win32
		{569A93DE-93A2-4BEE-9C46-D7CA2EB9C23F}.Release|Any CPU.ActiveCfg = Release|Win32
		{569A93DE-93A2-4BEE-9C46-D7CA2EB9C23F}.Release|Mixed Platforms.ActiveCfg = Release|Win32
		{569A93DE-93A2-4BEE-9C46-D7CA2EB9C23F}.Release|Mixed Platforms.Build.0 = Release|Win32
		{569A93DE-93A2-4BEE-9C46-D7CA2EB9C23F}.Release|Win32.ActiveCfg = Release|Win32
		{569A93DE-93A2-4BEE-9C46-D7CA2EB9C23F}.Release|Win32.Build.0 = Release|Win32
		{569A93DE-93A2-4BEE-9C46-D7CA2EB9C23F}.Release|x64.ActiveCfg = Release|Win32
		{569A93DE-93A2-4BEE-9C46-D7CA2EB9C23F}.Release|x86.ActiveCfg = Release|Win32
		{569A93DE-93A2-4BEE-9C46-D7CA2EB9C23F}.Release|x86.Build.0 = Release|Win32
		{B28680A8-C582-4AC7-8021-9159D243D464}.Debug|Any CPU.ActiveCfg = Debug|Win32
		{B28680A8-C582-4AC7-8021-9159D243D464}.Debug|Mixed Platforms.ActiveCfg = Debug|Win32
		{B28680A8-C582-4AC7-8021-9159D243D464}.Debug|Mixed Platforms.Build.0 = Debug|Win32
		{B28680A8-C582-4AC7-8021-9159D243D464}.Debug|Win32.ActiveCfg = Debug|Win32
		{B28680A8-C582-4AC7-8021-9159D243D464}.Debug|Win32.Build.0 = Debug|Win32
		{B28680A8-C582-4AC7-8021-9159D243D464}.Debug|x64.ActiveCfg = Debug|Win32
		{B28680A8-C582-4AC7-8021-9159D243D464}.Debug|x86.ActiveCfg = Debug|Win32
		{B28680A8-C582-4AC7-8021-9159D243D464}.Debug|x86.Build.0 = Debug|Win32
		{B28680A8-C582-4AC7-8021-9159D243D464}.Release|Any CPU.ActiveCfg = Release|Win32
		{B28680A8-C582-4AC7-8021-9159D243D464}.Release|Mixed Platforms.ActiveCfg = Release|Win32
		{B28680A8-C582-4AC7-8021-9159D243D464}.Release|Mixed Platforms.Build.0 = Release|Win32
		{B28680A8-C582-4AC7-8021-9159D243D464}.Release|Win32.ActiveCfg = Release|Win32
		{B28680A8-C582-4AC7-8021-9159D243D464}.Release|Win32.Build.0 = Release|Win32
		{B28680A8-C582-4AC7-8021-9159D243D464}.Release|x64.ActiveCfg = Release|Win32
		{B28680A8-C582-4AC7-8021-9159D243D464}.Release|x86.ActiveCfg = Release|Win32
		{B28680A8-C582-4AC7-8021-9159D243D464}.Release|x86.Build.0 = Release|Win32
		{1738C09F-38B4-48A2-B31A-301D5D7FBED3}.Debug|Any CPU.ActiveCfg = Debug|Win32
		{1738C09F-38B4-48A2-B31A-301D5D7FBED3}.Debug|Mixed Platforms.ActiveCfg = Debug|Win32
		{1738C09F-38B4-48A2-B31A-301D5D7FBED3}.Debug|Mixed Platforms.Build.0 = Debug|Win32
		{1738C09F-38B4-48A2-B31A-301D5D7FBED3}.Debug|Win32.ActiveCfg = Debug|Win32
		{1738C09F-38B4-48A2-B31A-301D5D7FBED3}.Debug|Win32.Build.0 = Debug|Win32
		{1738C09F-38B4-48A2-B31A-301D5D7FBED3}.Debug|x64.ActiveCfg = Debug|Win32
		{1738C09F-38B4-48A2-B31A-301D5D7FBED3}.Debug|x86.ActiveCfg = Debug|Win32
		{1738C09F-38B4-48A2-B31A-301D5D7FBED3}.Release|Any CPU.ActiveCfg = Release|Win32
		{1738C09F-38B4-48A2-B31A-301D5D7FBED3}.Release|Mixed Platforms.ActiveCfg = Release|Win32
		{1738C09F-38B4-48A2-B31A-301D5D7FBED3}.Release|Mixed Platforms.Build.0 = Release|Win32
		{1738C09F-38B4-48A2-B31A-301D5D7FBED3}.Release|Win32.ActiveCfg = Release|Win32
		{1738C09F-38B4-48A2-B31A-301D5D7FBED3}.Release|Win32.Build.0 = Release|Win32
		{1738C09F-38B4-48A2-B31A-301D5D7FBED3}.Release|x64.ActiveCfg = Release|Win32
		{1738C09F-38B4-48A2-B31A-301D5D7FBED3}.Release|x86.ActiveCfg = Release|Win32
		{6B8F7A89-4D05-478B-B55C-C5D347637466}.Debug|Any CPU.ActiveCfg = Debug|Win32
		{6B8F7A89-4D05-478B-B55C-C5D347637466}.Debug|Mixed Platforms.ActiveCfg = Debug|Win32
		{6B8F7A89-4D05-478B-B55C-C5D347637466}.Debug|Mixed Platforms.Build.0 = Debug|Win32
		{6B8F7A89-4D05-478B-B55C-C5D347637466}.Debug|Win32.ActiveCfg = Debug|Win32
		{6B8F7A89-4D05-478B-B55C-C5D347637466}.Debug|Win32.Build.0 = Debug|Win32
		{6B8F7A89-4D05-478B-B55C-C5D347637466}.Debug|x64.ActiveCfg = Debug|Win32
		{6B8F7A89-4D05-478B-B55C-C5D347637466}.Debug|x86.ActiveCfg = Debug|Win32
		{6B8F7A89-4D05-478B-B55C-C5D347637466}.Release|Any CPU.ActiveCfg = Release|Win32
		{6B8F7A89-4D05-478B-B55C-C5D347637466}.Release|Mixed Platforms.ActiveCfg = Release|Win32
		{6B8F7A89-4D05-478B-B55C-C5D347637466}.Release|Mixed Platforms.Build.0 = Release|Win32
		{6B8F7A89-4D05-478B-B55C-C5D347637466}.Release|Win32.ActiveCfg = Release|Win32
		{6B8F7A89-4D05-478B-B55C-C5D347637466}.Release|Win32.Build.0 = Release|Win32
		{6B8F7A89-4D05-478B-B55C-C5D347637466}.Release|x64.ActiveCfg = Release|Win32
		{6B8F7A89-4D05-478B-B55C-C5D347637466}.Release|x86.ActiveCfg = Release|Win32
		{C30B8263-1E81-4E5E-BDD4-E3624F92A47F}.Debug|Any CPU.ActiveCfg = Debug|Win32
		{C30B8263-1E81-4E5E-BDD4-E3624F92A47F}.Debug|Mixed Platforms.ActiveCfg = Debug|Win32
		{C30B8263-1E81-4E5E-BDD4-E3624F92A47F}.Debug|Mixed Platforms.Build.0 = Debug|Win32
		{C30B8263-1E81-4E5E-BDD4-E3624F92A47F}.Debug|Win32.ActiveCfg = Debug|Win32
		{C30B8263-1E81-4E5E-BDD4-E3624F92A47F}.Debug|Win32.Build.0 = Debug|Win32
		{C30B8263-1E81-4E5E-BDD4-E3624F92A47F}.Debug|x64.ActiveCfg = Debug|Win32
		{C30B8263-1E81-4E5E-BDD4-E3624F92A47F}.Debug|x86.ActiveCfg = Debug|Win32
		{C30B8263-1E81-4E5E-BDD4-E3624F92A47F}.Release|Any CPU.ActiveCfg = Release|Win32
		{C30B8263-1E81-4E5E-BDD4-E3624F92A47F}.Release|Mixed Platforms.ActiveCfg = Release|Win32
		{C30B8263-1E81-4E5E-BDD4-E3624F92A47F}.Release|Mixed Platforms.Build.0 = Release|Win32
		{C30B8263-1E81-4E5E-BDD4-E3624F92A47F}.Release|Win32.ActiveCfg = Release|Win32
		{C30B8263-1E81-4E5E-BDD4-E3624F92A47F}.Release|Win32.Build.0 = Release|Win32
		{C30B8263-1E81-4E5E-BDD4-E3624F92A47F}.Release|x64.ActiveCfg = Release|Win32
		{C30B8263-1E81-4E5E-BDD4-E3624F92A47F}.Release|x86.ActiveCfg = Release|Win32
		{1E712935-B4C8-45E4-BDA5-205709F31744}.Debug|Any CPU.ActiveCfg = Debug|x86
		{1E712935-B4C8-45E4-BDA5-205709F31744}.Debug|Mixed Platforms.ActiveCfg = Debug|x86
		{1E712935-B4C8-45E4-BDA5-205709F31744}.Debug|Mixed Platforms.Build.0 = Debug|x86
		{1E712935-B4C8-45E4-BDA5-205709F31744}.Debug|Win32.ActiveCfg = Debug|x86
		{1E712935-B4C8-45E4-BDA5-205709F31744}.Debug|Win32.Build.0 = Debug|x86
		{1E712935-B4C8-45E4-BDA5-205709F31744}.Debug|x64.ActiveCfg = Debug|x86
		{1E712935-B4C8-45E4-BDA5-205709F31744}.Debug|x86.ActiveCfg = Debug|x86
		{1E712935-B4C8-45E4-BDA5-205709F31744}.Debug|x86.Build.0 = Debug|x86
		{1E712935-B4C8-45E4-BDA5-205709F31744}.Release|Any CPU.ActiveCfg = Release|x86
		{1E712935-B4C8-45E4-BDA5-205709F31744}.Release|Mixed Platforms.ActiveCfg = Release|x86
		{1E712935-B4C8-45E4-BDA5-205709F31744}.Release|Mixed Platforms.Build.0 = Release|x86
		{1E712935-B4C8-45E4-BDA5-205709F31744}.Release|Win32.ActiveCfg = Release|x86
		{1E712935-B4C8-45E4-BDA5-205709F31744}.Release|Win32.Build.0 = Release|x86
		{1E712935-B4C8-45E4-BDA5-205709F31744}.Release|x64.ActiveCfg = Release|x86
		{1E712935-B4C8-45E4-BDA5-205709F31744}.Release|x86.ActiveCfg = Release|x86
		{1E712935-B4C8-45E4-BDA5-205709F31744}.Release|x86.Build.0 = Release|x86
		{FB9C9B7B-26CD-4965-9281-9C61EF981038}.Debug|Any CPU.ActiveCfg = Debug|Win32
		{FB9C9B7B-26CD-4965-9281-9C61EF981038}.Debug|Mixed Platforms.ActiveCfg = Debug|Win32
		{FB9C9B7B-26CD-4965-9281-9C61EF981038}.Debug|Mixed Platforms.Build.0 = Debug|Win32
		{FB9C9B7B-26CD-4965-9281-9C61EF981038}.Debug|Win32.ActiveCfg = Debug|Win32
		{FB9C9B7B-26CD-4965-9281-9C61EF981038}.Debug|Win32.Build.0 = Debug|Win32
		{FB9C9B7B-26CD-4965-9281-9C61EF981038}.Debug|x64.ActiveCfg = Debug|Win32
		{FB9C9B7B-26CD-4965-9281-9C61EF981038}.Debug|x86.ActiveCfg = Debug|Win32
		{FB9C9B7B-26CD-4965-9281-9C61EF981038}.Debug|x86.Build.0 = Debug|Win32
		{FB9C9B7B-26CD-4965-9281-9C61EF981038}.Release|Any CPU.ActiveCfg = Release|Win32
		{FB9C9B7B-26CD-4965-9281-9C61EF981038}.Release|Mixed Platforms.ActiveCfg = Release|Win32
		{FB9C9B7B-26CD-4965-9281-9C61EF981038}.Release|Mixed Platforms.Build.0 = Release|Win32
		{FB9C9B7B-26CD-4965-9281-9C61EF981038}.Release|Win32.ActiveCfg = Release|Win32
		{FB9C9B7B-26CD-4965-9281-9C61EF981038}.Release|Win32.Build.0 = Release|Win32
		{FB9C9B7B-26CD-4965-9281-9C61EF981038}.Release|x64.ActiveCfg = Release|Win32
		{FB9C9B7B-26CD-4965-9281-9C61EF981038}.Release|x86.ActiveCfg = Release|Win32
		{FB9C9B7B-26CD-4965-9281-9C61EF981038}.Release|x86.Build.0 = Release|Win32
		{0B52710F-391D-4433-A9CF-52E23567AA4E}.Debug|Any CPU.ActiveCfg = Debug|Win32
		{0B52710F-391D-4433-A9CF-52E23567AA4E}.Debug|Mixed Platforms.ActiveCfg = Debug|Win32
		{0B52710F-391D-4433-A9CF-52E23567AA4E}.Debug|Mixed Platforms.Build.0 = Debug|Win32
		{0B52710F-391D-4433-A9CF-52E23567AA4E}.Debug|Win32.ActiveCfg = Debug|Win32
		{0B52710F-391D-4433-A9CF-52E23567AA4E}.Debug|Win32.Build.0 = Debug|Win32
		{0B52710F-391D-4433-A9CF-52E23567AA4E}.Debug|x64.ActiveCfg = Debug|Win32
		{0B52710F-391D-4433-A9CF-52E23567AA4E}.Debug|x86.ActiveCfg = Debug|Win32
		{0B52710F-391D-4433-A9CF-52E23567AA4E}.Debug|x86.Build.0 = Debug|Win32
		{0B52710F-391D-4433-A9CF-52E23567AA4E}.Release|Any CPU.ActiveCfg = Release|Win32
		{0B52710F-391D-4433-A9CF-52E23567AA4E}.Release|Mixed Platforms.ActiveCfg = Release|Win32
		{0B52710F-391D-4433-A9CF-52E23567AA4E}.Release|Mixed Platforms.Build.0 = Release|Win32
		{0B52710F-391D-4433-A9CF-52E23567AA4E}.Release|Win32.ActiveCfg = Release|Win32
		{0B52710F-391D-4433-A9CF-52E23567AA4E}.Release|Win32.Build.0 = Release|Win32
		{0B52710F-391D-4433-A9CF-52E23567AA4E}.Release|x64.ActiveCfg = Release|Win32
		{0B52710F-391D-4433-A9CF-52E23567AA4E}.Release|x86.ActiveCfg = Release|Win32
		{0B52710F-391D-4433-A9CF-52E23567AA4E}.Release|x86.Build.0 = Release|Win32
		{30858247-EF6A-45F8-93A4-89A95A0A4F2B}.Debug|Any CPU.ActiveCfg = Debug|Win32
		{30858247-EF6A-45F8-93A4-89A95A0A4F2B}.Debug|Mixed Platforms.ActiveCfg = Debug|Win32
		{30858247-EF6A-45F8-93A4-89A95A0A4F2B}.Debug|Mixed Platforms.Build.0 = Debug|Win32
		{30858247-EF6A-45F8-93A4-89A95A0A4F2B}.Debug|Win32.ActiveCfg = Debug|Win32
		{30858247-EF6A-45F8-93A4-89A95A0A4F2B}.Debug|Win32.Build.0 = Debug|Win32
		{30858247-EF6A-45F8-93A4-89A95A0A4F2B}.Debug|x64.ActiveCfg = Debug|Win32
		{30858247-EF6A-45F8-93A4-89A95A0A4F2B}.Debug|x86.ActiveCfg = Debug|Win32
		{30858247-EF6A-45F8-93A4-89A95A0A4F2B}.Debug|x86.Build.0 = Debug|Win32
		{30858247-EF6A-45F8-93A4-89A95A0A4F2B}.Release|Any CPU.ActiveCfg = Release|Win32
		{30858247-EF6A-45F8-93A4-89A95A0A4F2B}.Release|Mixed Platforms.ActiveCfg = Release|Win32
		{30858247-EF6A-45F8-93A4-89A95A0A4F2B}.Release|Mixed Platforms.Build.0 = Release|Win32
		{30858247-EF6A-45F8-93A4-89A95A0A4F2B}.Release|Win32.ActiveCfg = Release|Win32
		{30858247-EF6A-45F8-93A4-89A95A0A4F2B}.Release|Win32.Build.0 = Release|Win32
		{30858247-EF6A-45F8-93A4-89A95A0A4F2B}.Release|x64.ActiveCfg = Release|Win32
		{30858247-EF6A-45F8-93A4-89A95A0A4F2B}.Release|x86.ActiveCfg = Release|Win32
		{30858247-EF6A-45F8-93A4-89A95A0A4F2B}.Release|x86.Build.0 = Release|Win32
		{52D655DF-DEE2-496D-A945-8BE207862FEB}.Debug|Any CPU.ActiveCfg = Debug|Any CPU
		{52D655DF-DEE2-496D-A945-8BE207862FEB}.Debug|Any CPU.Build.0 = Debug|Any CPU
		{52D655DF-DEE2-496D-A945-8BE207862FEB}.Debug|Mixed Platforms.ActiveCfg = Debug|Any CPU
		{52D655DF-DEE2-496D-A945-8BE207862FEB}.Debug|Mixed Platforms.Build.0 = Debug|Any CPU
		{52D655DF-DEE2-496D-A945-8BE207862FEB}.Debug|Win32.ActiveCfg = Debug|Any CPU
		{52D655DF-DEE2-496D-A945-8BE207862FEB}.Debug|x64.ActiveCfg = Debug|Any CPU
		{52D655DF-DEE2-496D-A945-8BE207862FEB}.Debug|x86.ActiveCfg = Debug|Any CPU
		{52D655DF-DEE2-496D-A945-8BE207862FEB}.Release|Any CPU.ActiveCfg = Release|Any CPU
		{52D655DF-DEE2-496D-A945-8BE207862FEB}.Release|Any CPU.Build.0 = Release|Any CPU
		{52D655DF-DEE2-496D-A945-8BE207862FEB}.Release|Mixed Platforms.ActiveCfg = Release|Any CPU
		{52D655DF-DEE2-496D-A945-8BE207862FEB}.Release|Mixed Platforms.Build.0 = Release|Any CPU
		{52D655DF-DEE2-496D-A945-8BE207862FEB}.Release|Win32.ActiveCfg = Release|Any CPU
		{52D655DF-DEE2-496D-A945-8BE207862FEB}.Release|x64.ActiveCfg = Release|Any CPU
		{52D655DF-DEE2-496D-A945-8BE207862FEB}.Release|x86.ActiveCfg = Release|Any CPU
		{6BDAB0E1-B68D-48D7-9C21-2F2ADE6F1CB4}.Debug|Any CPU.ActiveCfg = Debug|Win32
		{6BDAB0E1-B68D-48D7-9C21-2F2ADE6F1CB4}.Debug|Mixed Platforms.ActiveCfg = Debug|Win32
		{6BDAB0E1-B68D-48D7-9C21-2F2ADE6F1CB4}.Debug|Mixed Platforms.Build.0 = Debug|Win32
		{6BDAB0E1-B68D-48D7-9C21-2F2ADE6F1CB4}.Debug|Win32.ActiveCfg = Debug|Win32
		{6BDAB0E1-B68D-48D7-9C21-2F2ADE6F1CB4}.Debug|Win32.Build.0 = Debug|Win32
		{6BDAB0E1-B68D-48D7-9C21-2F2ADE6F1CB4}.Debug|x64.ActiveCfg = Debug|Win32
		{6BDAB0E1-B68D-48D7-9C21-2F2ADE6F1CB4}.Debug|x86.ActiveCfg = Debug|Win32
		{6BDAB0E1-B68D-48D7-9C21-2F2ADE6F1CB4}.Debug|x86.Build.0 = Debug|Win32
		{6BDAB0E1-B68D-48D7-9C21-2F2ADE6F1CB4}.Release|Any CPU.ActiveCfg = Release|Win32
		{6BDAB0E1-B68D-48D7-9C21-2F2ADE6F1CB4}.Release|Mixed Platforms.ActiveCfg = Release|Win32
		{6BDAB0E1-B68D-48D7-9C21-2F2ADE6F1CB4}.Release|Mixed Platforms.Build.0 = Release|Win32
		{6BDAB0E1-B68D-48D7-9C21-2F2ADE6F1CB4}.Release|Win32.ActiveCfg = Release|Win32
		{6BDAB0E1-B68D-48D7-9C21-2F2ADE6F1CB4}.Release|Win32.Build.0 = Release|Win32
		{6BDAB0E1-B68D-48D7-9C21-2F2ADE6F1CB4}.Release|x64.ActiveCfg = Release|Win32
		{6BDAB0E1-B68D-48D7-9C21-2F2ADE6F1CB4}.Release|x86.ActiveCfg = Release|Win32
		{6BDAB0E1-B68D-48D7-9C21-2F2ADE6F1CB4}.Release|x86.Build.0 = Release|Win32
		{A7AF81A8-D643-422F-A2FE-97929AD7EB2E}.Debug|Any CPU.ActiveCfg = Debug|Win32
		{A7AF81A8-D643-422F-A2FE-97929AD7EB2E}.Debug|Mixed Platforms.ActiveCfg = Debug|Win32
		{A7AF81A8-D643-422F-A2FE-97929AD7EB2E}.Debug|Mixed Platforms.Build.0 = Debug|Win32
		{A7AF81A8-D643-422F-A2FE-97929AD7EB2E}.Debug|Win32.ActiveCfg = Debug|Win32
		{A7AF81A8-D643-422F-A2FE-97929AD7EB2E}.Debug|Win32.Build.0 = Debug|Win32
		{A7AF81A8-D643-422F-A2FE-97929AD7EB2E}.Debug|x64.ActiveCfg = Debug|Win32
		{A7AF81A8-D643-422F-A2FE-97929AD7EB2E}.Debug|x86.ActiveCfg = Debug|Win32
		{A7AF81A8-D643-422F-A2FE-97929AD7EB2E}.Debug|x86.Build.0 = Debug|Win32
		{A7AF81A8-D643-422F-A2FE-97929AD7EB2E}.Release|Any CPU.ActiveCfg = Release|Win32
		{A7AF81A8-D643-422F-A2FE-97929AD7EB2E}.Release|Mixed Platforms.ActiveCfg = Release|Win32
		{A7AF81A8-D643-422F-A2FE-97929AD7EB2E}.Release|Mixed Platforms.Build.0 = Release|Win32
		{A7AF81A8-D643-422F-A2FE-97929AD7EB2E}.Release|Win32.ActiveCfg = Release|Win32
		{A7AF81A8-D643-422F-A2FE-97929AD7EB2E}.Release|Win32.Build.0 = Release|Win32
		{A7AF81A8-D643-422F-A2FE-97929AD7EB2E}.Release|x64.ActiveCfg = Release|Win32
		{A7AF81A8-D643-422F-A2FE-97929AD7EB2E}.Release|x86.ActiveCfg = Release|Win32
		{A7AF81A8-D643-422F-A2FE-97929AD7EB2E}.Release|x86.Build.0 = Release|Win32
		{6860084A-CDB8-43F8-9C23-41F1618EA01C}.Debug|Any CPU.ActiveCfg = Debug|Any CPU
		{6860084A-CDB8-43F8-9C23-41F1618EA01C}.Debug|Any CPU.Build.0 = Debug|Any CPU
		{6860084A-CDB8-43F8-9C23-41F1618EA01C}.Debug|Mixed Platforms.ActiveCfg = Debug|Any CPU
		{6860084A-CDB8-43F8-9C23-41F1618EA01C}.Debug|Mixed Platforms.Build.0 = Debug|Any CPU
		{6860084A-CDB8-43F8-9C23-41F1618EA01C}.Debug|Win32.ActiveCfg = Debug|Any CPU
		{6860084A-CDB8-43F8-9C23-41F1618EA01C}.Debug|x64.ActiveCfg = Debug|Any CPU
		{6860084A-CDB8-43F8-9C23-41F1618EA01C}.Debug|x86.ActiveCfg = Debug|Any CPU
		{6860084A-CDB8-43F8-9C23-41F1618EA01C}.Release|Any CPU.ActiveCfg = Release|Any CPU
		{6860084A-CDB8-43F8-9C23-41F1618EA01C}.Release|Any CPU.Build.0 = Release|Any CPU
		{6860084A-CDB8-43F8-9C23-41F1618EA01C}.Release|Mixed Platforms.ActiveCfg = Release|Any CPU
		{6860084A-CDB8-43F8-9C23-41F1618EA01C}.Release|Mixed Platforms.Build.0 = Release|Any CPU
		{6860084A-CDB8-43F8-9C23-41F1618EA01C}.Release|Win32.ActiveCfg = Release|Any CPU
		{6860084A-CDB8-43F8-9C23-41F1618EA01C}.Release|x64.ActiveCfg = Release|Any CPU
		{6860084A-CDB8-43F8-9C23-41F1618EA01C}.Release|x86.ActiveCfg = Release|Any CPU
		{0B010678-F8E8-4BC4-928C-72B3B74B145F}.Debug|Any CPU.ActiveCfg = Debug|Win32
		{0B010678-F8E8-4BC4-928C-72B3B74B145F}.Debug|Mixed Platforms.ActiveCfg = Debug|Win32
		{0B010678-F8E8-4BC4-928C-72B3B74B145F}.Debug|Mixed Platforms.Build.0 = Debug|Win32
		{0B010678-F8E8-4BC4-928C-72B3B74B145F}.Debug|Win32.ActiveCfg = Debug|Win32
		{0B010678-F8E8-4BC4-928C-72B3B74B145F}.Debug|Win32.Build.0 = Debug|Win32
		{0B010678-F8E8-4BC4-928C-72B3B74B145F}.Debug|x64.ActiveCfg = Debug|Win32
		{0B010678-F8E8-4BC4-928C-72B3B74B145F}.Debug|x86.ActiveCfg = Debug|Win32
		{0B010678-F8E8-4BC4-928C-72B3B74B145F}.Debug|x86.Build.0 = Debug|Win32
		{0B010678-F8E8-4BC4-928C-72B3B74B145F}.Release|Any CPU.ActiveCfg = Release|Win32
		{0B010678-F8E8-4BC4-928C-72B3B74B145F}.Release|Mixed Platforms.ActiveCfg = Release|Win32
		{0B010678-F8E8-4BC4-928C-72B3B74B145F}.Release|Mixed Platforms.Build.0 = Release|Win32
		{0B010678-F8E8-4BC4-928C-72B3B74B145F}.Release|Win32.ActiveCfg = Release|Win32
		{0B010678-F8E8-4BC4-928C-72B3B74B145F}.Release|Win32.Build.0 = Release|Win32
		{0B010678-F8E8-4BC4-928C-72B3B74B145F}.Release|x64.ActiveCfg = Release|Win32
		{0B010678-F8E8-4BC4-928C-72B3B74B145F}.Release|x86.ActiveCfg = Release|Win32
		{0B010678-F8E8-4BC4-928C-72B3B74B145F}.Release|x86.Build.0 = Release|Win32
		{58928C02-9A40-499C-A91C-18D7D44191A4}.Debug|Any CPU.ActiveCfg = Debug|Any CPU
		{58928C02-9A40-499C-A91C-18D7D44191A4}.Debug|Any CPU.Build.0 = Debug|Any CPU
		{58928C02-9A40-499C-A91C-18D7D44191A4}.Debug|Mixed Platforms.ActiveCfg = Debug|Any CPU
		{58928C02-9A40-499C-A91C-18D7D44191A4}.Debug|Mixed Platforms.Build.0 = Debug|Any CPU
		{58928C02-9A40-499C-A91C-18D7D44191A4}.Debug|Win32.ActiveCfg = Debug|Any CPU
		{58928C02-9A40-499C-A91C-18D7D44191A4}.Debug|x64.ActiveCfg = Debug|Any CPU
		{58928C02-9A40-499C-A91C-18D7D44191A4}.Debug|x86.ActiveCfg = Debug|Any CPU
		{58928C02-9A40-499C-A91C-18D7D44191A4}.Release|Any CPU.ActiveCfg = Release|Any CPU
		{58928C02-9A40-499C-A91C-18D7D44191A4}.Release|Any CPU.Build.0 = Release|Any CPU
		{58928C02-9A40-499C-A91C-18D7D44191A4}.Release|Mixed Platforms.ActiveCfg = Release|Any CPU
		{58928C02-9A40-499C-A91C-18D7D44191A4}.Release|Mixed Platforms.Build.0 = Release|Any CPU
		{58928C02-9A40-499C-A91C-18D7D44191A4}.Release|Win32.ActiveCfg = Release|Any CPU
		{58928C02-9A40-499C-A91C-18D7D44191A4}.Release|x64.ActiveCfg = Release|Any CPU
		{58928C02-9A40-499C-A91C-18D7D44191A4}.Release|x86.ActiveCfg = Release|Any CPU
		{6E06CB55-F289-4A54-B9D1-5133CB7C905F}.Debug|Any CPU.ActiveCfg = Debug|Any CPU
		{6E06CB55-F289-4A54-B9D1-5133CB7C905F}.Debug|Any CPU.Build.0 = Debug|Any CPU
		{6E06CB55-F289-4A54-B9D1-5133CB7C905F}.Debug|Mixed Platforms.ActiveCfg = Debug|Any CPU
		{6E06CB55-F289-4A54-B9D1-5133CB7C905F}.Debug|Mixed Platforms.Build.0 = Debug|Any CPU
		{6E06CB55-F289-4A54-B9D1-5133CB7C905F}.Debug|Win32.ActiveCfg = Debug|Any CPU
		{6E06CB55-F289-4A54-B9D1-5133CB7C905F}.Debug|x64.ActiveCfg = Debug|Any CPU
		{6E06CB55-F289-4A54-B9D1-5133CB7C905F}.Debug|x86.ActiveCfg = Debug|Any CPU
		{6E06CB55-F289-4A54-B9D1-5133CB7C905F}.Release|Any CPU.ActiveCfg = Release|Any CPU
		{6E06CB55-F289-4A54-B9D1-5133CB7C905F}.Release|Any CPU.Build.0 = Release|Any CPU
		{6E06CB55-F289-4A54-B9D1-5133CB7C905F}.Release|Mixed Platforms.ActiveCfg = Release|Any CPU
		{6E06CB55-F289-4A54-B9D1-5133CB7C905F}.Release|Mixed Platforms.Build.0 = Release|Any CPU
		{6E06CB55-F289-4A54-B9D1-5133CB7C905F}.Release|Win32.ActiveCfg = Release|Any CPU
		{6E06CB55-F289-4A54-B9D1-5133CB7C905F}.Release|x64.ActiveCfg = Release|Any CPU
		{6E06CB55-F289-4A54-B9D1-5133CB7C905F}.Release|x86.ActiveCfg = Release|Any CPU
		{B97FEF09-C1C1-4B76-9B91-B5472EFDA168}.Debug|Any CPU.ActiveCfg = Debug|Any CPU
		{B97FEF09-C1C1-4B76-9B91-B5472EFDA168}.Debug|Any CPU.Build.0 = Debug|Any CPU
		{B97FEF09-C1C1-4B76-9B91-B5472EFDA168}.Debug|Mixed Platforms.ActiveCfg = Debug|Any CPU
		{B97FEF09-C1C1-4B76-9B91-B5472EFDA168}.Debug|Mixed Platforms.Build.0 = Debug|Any CPU
		{B97FEF09-C1C1-4B76-9B91-B5472EFDA168}.Debug|Win32.ActiveCfg = Debug|Any CPU
		{B97FEF09-C1C1-4B76-9B91-B5472EFDA168}.Debug|x64.ActiveCfg = Debug|Any CPU
		{B97FEF09-C1C1-4B76-9B91-B5472EFDA168}.Debug|x86.ActiveCfg = Debug|Any CPU
		{B97FEF09-C1C1-4B76-9B91-B5472EFDA168}.Release|Any CPU.ActiveCfg = Release|Any CPU
		{B97FEF09-C1C1-4B76-9B91-B5472EFDA168}.Release|Any CPU.Build.0 = Release|Any CPU
		{B97FEF09-C1C1-4B76-9B91-B5472EFDA168}.Release|Mixed Platforms.ActiveCfg = Release|Any CPU
		{B97FEF09-C1C1-4B76-9B91-B5472EFDA168}.Release|Mixed Platforms.Build.0 = Release|Any CPU
		{B97FEF09-C1C1-4B76-9B91-B5472EFDA168}.Release|Win32.ActiveCfg = Release|Any CPU
		{B97FEF09-C1C1-4B76-9B91-B5472EFDA168}.Release|x64.ActiveCfg = Release|Any CPU
		{B97FEF09-C1C1-4B76-9B91-B5472EFDA168}.Release|x86.ActiveCfg = Release|Any CPU
		{A4439BDA-E1DE-419E-AF98-A5674E6B8DFC}.Debug|Any CPU.ActiveCfg = Debug|Win32
		{A4439BDA-E1DE-419E-AF98-A5674E6B8DFC}.Debug|Mixed Platforms.ActiveCfg = Debug|Win32
		{A4439BDA-E1DE-419E-AF98-A5674E6B8DFC}.Debug|Mixed Platforms.Build.0 = Debug|Win32
		{A4439BDA-E1DE-419E-AF98-A5674E6B8DFC}.Debug|Win32.ActiveCfg = Debug|Win32
		{A4439BDA-E1DE-419E-AF98-A5674E6B8DFC}.Debug|Win32.Build.0 = Debug|Win32
		{A4439BDA-E1DE-419E-AF98-A5674E6B8DFC}.Debug|x64.ActiveCfg = Debug|Win32
		{A4439BDA-E1DE-419E-AF98-A5674E6B8DFC}.Debug|x86.ActiveCfg = Debug|Win32
		{A4439BDA-E1DE-419E-AF98-A5674E6B8DFC}.Debug|x86.Build.0 = Debug|Win32
		{A4439BDA-E1DE-419E-AF98-A5674E6B8DFC}.Release|Any CPU.ActiveCfg = Release|Win32
		{A4439BDA-E1DE-419E-AF98-A5674E6B8DFC}.Release|Mixed Platforms.ActiveCfg = Release|Win32
		{A4439BDA-E1DE-419E-AF98-A5674E6B8DFC}.Release|Mixed Platforms.Build.0 = Release|Win32
		{A4439BDA-E1DE-419E-AF98-A5674E6B8DFC}.Release|Win32.ActiveCfg = Release|Win32
		{A4439BDA-E1DE-419E-AF98-A5674E6B8DFC}.Release|Win32.Build.0 = Release|Win32
		{A4439BDA-E1DE-419E-AF98-A5674E6B8DFC}.Release|x64.ActiveCfg = Release|Win32
		{A4439BDA-E1DE-419E-AF98-A5674E6B8DFC}.Release|x86.ActiveCfg = Release|Win32
		{A4439BDA-E1DE-419E-AF98-A5674E6B8DFC}.Release|x86.Build.0 = Release|Win32
		{9B8764F0-E298-4A87-8862-1586B08360B1}.Debug|Any CPU.ActiveCfg = Debug|Win32
		{9B8764F0-E298-4A87-8862-1586B08360B1}.Debug|Mixed Platforms.ActiveCfg = Debug|Win32
		{9B8764F0-E298-4A87-8862-1586B08360B1}.Debug|Mixed Platforms.Build.0 = Debug|Win32
		{9B8764F0-E298-4A87-8862-1586B08360B1}.Debug|Win32.ActiveCfg = Debug|Win32
		{9B8764F0-E298-4A87-8862-1586B08360B1}.Debug|Win32.Build.0 = Debug|Win32
		{9B8764F0-E298-4A87-8862-1586B08360B1}.Debug|x64.ActiveCfg = Debug|Win32
		{9B8764F0-E298-4A87-8862-1586B08360B1}.Debug|x86.ActiveCfg = Debug|Win32
		{9B8764F0-E298-4A87-8862-1586B08360B1}.Debug|x86.Build.0 = Debug|Win32
		{9B8764F0-E298-4A87-8862-1586B08360B1}.Release|Any CPU.ActiveCfg = Release|Win32
		{9B8764F0-E298-4A87-8862-1586B08360B1}.Release|Mixed Platforms.ActiveCfg = Release|Win32
		{9B8764F0-E298-4A87-8862-1586B08360B1}.Release|Mixed Platforms.Build.0 = Release|Win32
		{9B8764F0-E298-4A87-8862-1586B08360B1}.Release|Win32.ActiveCfg = Release|Win32
		{9B8764F0-E298-4A87-8862-1586B08360B1}.Release|Win32.Build.0 = Release|Win32
		{9B8764F0-E298-4A87-8862-1586B08360B1}.Release|x64.ActiveCfg = Release|Win32
		{9B8764F0-E298-4A87-8862-1586B08360B1}.Release|x86.ActiveCfg = Release|Win32
		{9B8764F0-E298-4A87-8862-1586B08360B1}.Release|x86.Build.0 = Release|Win32
		{DA3518F2-AF14-4D2C-924A-8BA45603A3AE}.Debug|Any CPU.ActiveCfg = Debug|Win32
		{DA3518F2-AF14-4D2C-924A-8BA45603A3AE}.Debug|Mixed Platforms.ActiveCfg = Debug|Win32
		{DA3518F2-AF14-4D2C-924A-8BA45603A3AE}.Debug|Mixed Platforms.Build.0 = Debug|Win32
		{DA3518F2-AF14-4D2C-924A-8BA45603A3AE}.Debug|Win32.ActiveCfg = Debug|Win32
		{DA3518F2-AF14-4D2C-924A-8BA45603A3AE}.Debug|Win32.Build.0 = Debug|Win32
		{DA3518F2-AF14-4D2C-924A-8BA45603A3AE}.Debug|x64.ActiveCfg = Debug|x64
		{DA3518F2-AF14-4D2C-924A-8BA45603A3AE}.Debug|x64.Build.0 = Debug|x64
		{DA3518F2-AF14-4D2C-924A-8BA45603A3AE}.Debug|x86.ActiveCfg = Debug|Win32
		{DA3518F2-AF14-4D2C-924A-8BA45603A3AE}.Debug|x86.Build.0 = Debug|Win32
		{DA3518F2-AF14-4D2C-924A-8BA45603A3AE}.Release|Any CPU.ActiveCfg = Release|Win32
		{DA3518F2-AF14-4D2C-924A-8BA45603A3AE}.Release|Mixed Platforms.ActiveCfg = Release|Win32
		{DA3518F2-AF14-4D2C-924A-8BA45603A3AE}.Release|Mixed Platforms.Build.0 = Release|Win32
		{DA3518F2-AF14-4D2C-924A-8BA45603A3AE}.Release|Win32.ActiveCfg = Release|Win32
		{DA3518F2-AF14-4D2C-924A-8BA45603A3AE}.Release|Win32.Build.0 = Release|Win32
		{DA3518F2-AF14-4D2C-924A-8BA45603A3AE}.Release|x64.ActiveCfg = Release|x64
		{DA3518F2-AF14-4D2C-924A-8BA45603A3AE}.Release|x64.Build.0 = Release|x64
		{DA3518F2-AF14-4D2C-924A-8BA45603A3AE}.Release|x86.ActiveCfg = Release|Win32
		{DA3518F2-AF14-4D2C-924A-8BA45603A3AE}.Release|x86.Build.0 = Release|Win32
		{53E005FD-1255-48AF-B9A0-37A796BD93BA}.Debug|Any CPU.ActiveCfg = Debug|Any CPU
		{53E005FD-1255-48AF-B9A0-37A796BD93BA}.Debug|Any CPU.Build.0 = Debug|Any CPU
		{53E005FD-1255-48AF-B9A0-37A796BD93BA}.Debug|Mixed Platforms.ActiveCfg = Debug|Any CPU
		{53E005FD-1255-48AF-B9A0-37A796BD93BA}.Debug|Mixed Platforms.Build.0 = Debug|Any CPU
		{53E005FD-1255-48AF-B9A0-37A796BD93BA}.Debug|Win32.ActiveCfg = Debug|Any CPU
		{53E005FD-1255-48AF-B9A0-37A796BD93BA}.Debug|x64.ActiveCfg = Debug|Any CPU
		{53E005FD-1255-48AF-B9A0-37A796BD93BA}.Debug|x86.ActiveCfg = Debug|Any CPU
		{53E005FD-1255-48AF-B9A0-37A796BD93BA}.Release|Any CPU.ActiveCfg = Release|Any CPU
		{53E005FD-1255-48AF-B9A0-37A796BD93BA}.Release|Any CPU.Build.0 = Release|Any CPU
		{53E005FD-1255-48AF-B9A0-37A796BD93BA}.Release|Mixed Platforms.ActiveCfg = Release|Any CPU
		{53E005FD-1255-48AF-B9A0-37A796BD93BA}.Release|Mixed Platforms.Build.0 = Release|Any CPU
		{53E005FD-1255-48AF-B9A0-37A796BD93BA}.Release|Win32.ActiveCfg = Release|Any CPU
		{53E005FD-1255-48AF-B9A0-37A796BD93BA}.Release|x64.ActiveCfg = Release|Any CPU
		{53E005FD-1255-48AF-B9A0-37A796BD93BA}.Release|x86.ActiveCfg = Release|Any CPU
		{28BF39E0-9CF6-47C2-BC35-00E6ADAB7A05}.Debug|Any CPU.ActiveCfg = Debug|Any CPU
		{28BF39E0-9CF6-47C2-BC35-00E6ADAB7A05}.Debug|Any CPU.Build.0 = Debug|Any CPU
		{28BF39E0-9CF6-47C2-BC35-00E6ADAB7A05}.Debug|Mixed Platforms.ActiveCfg = Debug|Any CPU
		{28BF39E0-9CF6-47C2-BC35-00E6ADAB7A05}.Debug|Mixed Platforms.Build.0 = Debug|Any CPU
		{28BF39E0-9CF6-47C2-BC35-00E6ADAB7A05}.Debug|Win32.ActiveCfg = Debug|Any CPU
		{28BF39E0-9CF6-47C2-BC35-00E6ADAB7A05}.Debug|x64.ActiveCfg = Debug|Any CPU
		{28BF39E0-9CF6-47C2-BC35-00E6ADAB7A05}.Debug|x86.ActiveCfg = Debug|Any CPU
		{28BF39E0-9CF6-47C2-BC35-00E6ADAB7A05}.Release|Any CPU.ActiveCfg = Release|Any CPU
		{28BF39E0-9CF6-47C2-BC35-00E6ADAB7A05}.Release|Any CPU.Build.0 = Release|Any CPU
		{28BF39E0-9CF6-47C2-BC35-00E6ADAB7A05}.Release|Mixed Platforms.ActiveCfg = Release|Any CPU
		{28BF39E0-9CF6-47C2-BC35-00E6ADAB7A05}.Release|Mixed Platforms.Build.0 = Release|Any CPU
		{28BF39E0-9CF6-47C2-BC35-00E6ADAB7A05}.Release|Win32.ActiveCfg = Release|Any CPU
		{28BF39E0-9CF6-47C2-BC35-00E6ADAB7A05}.Release|x64.ActiveCfg = Release|Any CPU
		{28BF39E0-9CF6-47C2-BC35-00E6ADAB7A05}.Release|x86.ActiveCfg = Release|Any CPU
		{55795FDB-D7CB-4084-ACE3-5628959ED99E}.Debug|Any CPU.ActiveCfg = Debug|Win32
		{55795FDB-D7CB-4084-ACE3-5628959ED99E}.Debug|Mixed Platforms.ActiveCfg = Debug|Win32
		{55795FDB-D7CB-4084-ACE3-5628959ED99E}.Debug|Mixed Platforms.Build.0 = Debug|Win32
		{55795FDB-D7CB-4084-ACE3-5628959ED99E}.Debug|Win32.ActiveCfg = Debug|Win32
		{55795FDB-D7CB-4084-ACE3-5628959ED99E}.Debug|Win32.Build.0 = Debug|Win32
		{55795FDB-D7CB-4084-ACE3-5628959ED99E}.Debug|x64.ActiveCfg = Debug|x64
		{55795FDB-D7CB-4084-ACE3-5628959ED99E}.Debug|x64.Build.0 = Debug|x64
		{55795FDB-D7CB-4084-ACE3-5628959ED99E}.Debug|x86.ActiveCfg = Debug|Win32
		{55795FDB-D7CB-4084-ACE3-5628959ED99E}.Debug|x86.Build.0 = Debug|Win32
		{55795FDB-D7CB-4084-ACE3-5628959ED99E}.Release|Any CPU.ActiveCfg = Release|Win32
		{55795FDB-D7CB-4084-ACE3-5628959ED99E}.Release|Mixed Platforms.ActiveCfg = Release|Win32
		{55795FDB-D7CB-4084-ACE3-5628959ED99E}.Release|Mixed Platforms.Build.0 = Release|Win32
		{55795FDB-D7CB-4084-ACE3-5628959ED99E}.Release|Win32.ActiveCfg = Release|Win32
		{55795FDB-D7CB-4084-ACE3-5628959ED99E}.Release|Win32.Build.0 = Release|Win32
		{55795FDB-D7CB-4084-ACE3-5628959ED99E}.Release|x64.ActiveCfg = Release|x64
		{55795FDB-D7CB-4084-ACE3-5628959ED99E}.Release|x64.Build.0 = Release|x64
		{55795FDB-D7CB-4084-ACE3-5628959ED99E}.Release|x86.ActiveCfg = Release|Win32
		{55795FDB-D7CB-4084-ACE3-5628959ED99E}.Release|x86.Build.0 = Release|Win32
		{2C025C5B-CB7B-4021-BD50-84CDD7F5A9BA}.Debug|Any CPU.ActiveCfg = Debug|Win32
		{2C025C5B-CB7B-4021-BD50-84CDD7F5A9BA}.Debug|Mixed Platforms.ActiveCfg = Debug|Win32
		{2C025C5B-CB7B-4021-BD50-84CDD7F5A9BA}.Debug|Mixed Platforms.Build.0 = Debug|Win32
		{2C025C5B-CB7B-4021-BD50-84CDD7F5A9BA}.Debug|Win32.ActiveCfg = Debug|Win32
		{2C025C5B-CB7B-4021-BD50-84CDD7F5A9BA}.Debug|Win32.Build.0 = Debug|Win32
		{2C025C5B-CB7B-4021-BD50-84CDD7F5A9BA}.Debug|x64.ActiveCfg = Debug|Win32
		{2C025C5B-CB7B-4021-BD50-84CDD7F5A9BA}.Debug|x86.ActiveCfg = Debug|Win32
		{2C025C5B-CB7B-4021-BD50-84CDD7F5A9BA}.Debug|x86.Build.0 = Debug|Win32
		{2C025C5B-CB7B-4021-BD50-84CDD7F5A9BA}.Release|Any CPU.ActiveCfg = Release|Win32
		{2C025C5B-CB7B-4021-BD50-84CDD7F5A9BA}.Release|Mixed Platforms.ActiveCfg = Release|Win32
		{2C025C5B-CB7B-4021-BD50-84CDD7F5A9BA}.Release|Mixed Platforms.Build.0 = Release|Win32
		{2C025C5B-CB7B-4021-BD50-84CDD7F5A9BA}.Release|Win32.ActiveCfg = Release|Win32
		{2C025C5B-CB7B-4021-BD50-84CDD7F5A9BA}.Release|Win32.Build.0 = Release|Win32
		{2C025C5B-CB7B-4021-BD50-84CDD7F5A9BA}.Release|x64.ActiveCfg = Release|Win32
		{2C025C5B-CB7B-4021-BD50-84CDD7F5A9BA}.Release|x86.ActiveCfg = Release|Win32
		{2C025C5B-CB7B-4021-BD50-84CDD7F5A9BA}.Release|x86.Build.0 = Release|Win32
		{880D2A56-A7B3-46FD-95D2-21EAA3D504D2}.Debug|Any CPU.ActiveCfg = Debug|Win32
		{880D2A56-A7B3-46FD-95D2-21EAA3D504D2}.Debug|Mixed Platforms.ActiveCfg = Debug|Win32
		{880D2A56-A7B3-46FD-95D2-21EAA3D504D2}.Debug|Mixed Platforms.Build.0 = Debug|Win32
		{880D2A56-A7B3-46FD-95D2-21EAA3D504D2}.Debug|Win32.ActiveCfg = Debug|Win32
		{880D2A56-A7B3-46FD-95D2-21EAA3D504D2}.Debug|Win32.Build.0 = Debug|Win32
		{880D2A56-A7B3-46FD-95D2-21EAA3D504D2}.Debug|x64.ActiveCfg = Debug|Win32
		{880D2A56-A7B3-46FD-95D2-21EAA3D504D2}.Debug|x86.ActiveCfg = Debug|Win32
		{880D2A56-A7B3-46FD-95D2-21EAA3D504D2}.Debug|x86.Build.0 = Debug|Win32
		{880D2A56-A7B3-46FD-95D2-21EAA3D504D2}.Release|Any CPU.ActiveCfg = Release|Win32
		{880D2A56-A7B3-46FD-95D2-21EAA3D504D2}.Release|Mixed Platforms.ActiveCfg = Release|Win32
		{880D2A56-A7B3-46FD-95D2-21EAA3D504D2}.Release|Mixed Platforms.Build.0 = Release|Win32
		{880D2A56-A7B3-46FD-95D2-21EAA3D504D2}.Release|Win32.ActiveCfg = Release|Win32
		{880D2A56-A7B3-46FD-95D2-21EAA3D504D2}.Release|Win32.Build.0 = Release|Win32
		{880D2A56-A7B3-46FD-95D2-21EAA3D504D2}.Release|x64.ActiveCfg = Release|Win32
		{880D2A56-A7B3-46FD-95D2-21EAA3D504D2}.Release|x86.ActiveCfg = Release|Win32
		{880D2A56-A7B3-46FD-95D2-21EAA3D504D2}.Release|x86.Build.0 = Release|Win32
		{6E968823-97BC-4DF3-B0CD-80C1687A6DF3}.Debug|Any CPU.ActiveCfg = Debug|Any CPU
		{6E968823-97BC-4DF3-B0CD-80C1687A6DF3}.Debug|Any CPU.Build.0 = Debug|Any CPU
		{6E968823-97BC-4DF3-B0CD-80C1687A6DF3}.Debug|Mixed Platforms.ActiveCfg = Debug|Any CPU
		{6E968823-97BC-4DF3-B0CD-80C1687A6DF3}.Debug|Mixed Platforms.Build.0 = Debug|Any CPU
		{6E968823-97BC-4DF3-B0CD-80C1687A6DF3}.Debug|Win32.ActiveCfg = Debug|Any CPU
		{6E968823-97BC-4DF3-B0CD-80C1687A6DF3}.Debug|x64.ActiveCfg = Debug|Any CPU
		{6E968823-97BC-4DF3-B0CD-80C1687A6DF3}.Debug|x86.ActiveCfg = Debug|Any CPU
		{6E968823-97BC-4DF3-B0CD-80C1687A6DF3}.Release|Any CPU.ActiveCfg = Release|Any CPU
		{6E968823-97BC-4DF3-B0CD-80C1687A6DF3}.Release|Any CPU.Build.0 = Release|Any CPU
		{6E968823-97BC-4DF3-B0CD-80C1687A6DF3}.Release|Mixed Platforms.ActiveCfg = Release|Any CPU
		{6E968823-97BC-4DF3-B0CD-80C1687A6DF3}.Release|Mixed Platforms.Build.0 = Release|Any CPU
		{6E968823-97BC-4DF3-B0CD-80C1687A6DF3}.Release|Win32.ActiveCfg = Release|Any CPU
		{6E968823-97BC-4DF3-B0CD-80C1687A6DF3}.Release|x64.ActiveCfg = Release|Any CPU
		{6E968823-97BC-4DF3-B0CD-80C1687A6DF3}.Release|x86.ActiveCfg = Release|Any CPU
		{F09208A0-F1C9-4447-86F1-EFFA98720E17}.Debug|Any CPU.ActiveCfg = Debug|Any CPU
		{F09208A0-F1C9-4447-86F1-EFFA98720E17}.Debug|Any CPU.Build.0 = Debug|Any CPU
		{F09208A0-F1C9-4447-86F1-EFFA98720E17}.Debug|Mixed Platforms.ActiveCfg = Debug|Any CPU
		{F09208A0-F1C9-4447-86F1-EFFA98720E17}.Debug|Mixed Platforms.Build.0 = Debug|Any CPU
		{F09208A0-F1C9-4447-86F1-EFFA98720E17}.Debug|Win32.ActiveCfg = Debug|Any CPU
		{F09208A0-F1C9-4447-86F1-EFFA98720E17}.Debug|x64.ActiveCfg = Debug|Any CPU
		{F09208A0-F1C9-4447-86F1-EFFA98720E17}.Debug|x86.ActiveCfg = Debug|Any CPU
		{F09208A0-F1C9-4447-86F1-EFFA98720E17}.Release|Any CPU.ActiveCfg = Release|Any CPU
		{F09208A0-F1C9-4447-86F1-EFFA98720E17}.Release|Any CPU.Build.0 = Release|Any CPU
		{F09208A0-F1C9-4447-86F1-EFFA98720E17}.Release|Mixed Platforms.ActiveCfg = Release|Any CPU
		{F09208A0-F1C9-4447-86F1-EFFA98720E17}.Release|Mixed Platforms.Build.0 = Release|Any CPU
		{F09208A0-F1C9-4447-86F1-EFFA98720E17}.Release|Win32.ActiveCfg = Release|Any CPU
		{F09208A0-F1C9-4447-86F1-EFFA98720E17}.Release|x64.ActiveCfg = Release|Any CPU
		{F09208A0-F1C9-4447-86F1-EFFA98720E17}.Release|x86.ActiveCfg = Release|Any CPU
		{CB0E126C-7148-4CE9-9F96-A80A725A2E1E}.Debug|Any CPU.ActiveCfg = Debug|Any CPU
		{CB0E126C-7148-4CE9-9F96-A80A725A2E1E}.Debug|Any CPU.Build.0 = Debug|Any CPU
		{CB0E126C-7148-4CE9-9F96-A80A725A2E1E}.Debug|Mixed Platforms.ActiveCfg = Debug|Any CPU
		{CB0E126C-7148-4CE9-9F96-A80A725A2E1E}.Debug|Mixed Platforms.Build.0 = Debug|Any CPU
		{CB0E126C-7148-4CE9-9F96-A80A725A2E1E}.Debug|Win32.ActiveCfg = Debug|Any CPU
		{CB0E126C-7148-4CE9-9F96-A80A725A2E1E}.Debug|x64.ActiveCfg = Debug|Any CPU
		{CB0E126C-7148-4CE9-9F96-A80A725A2E1E}.Debug|x86.ActiveCfg = Debug|Any CPU
		{CB0E126C-7148-4CE9-9F96-A80A725A2E1E}.Release|Any CPU.ActiveCfg = Release|Any CPU
		{CB0E126C-7148-4CE9-9F96-A80A725A2E1E}.Release|Any CPU.Build.0 = Release|Any CPU
		{CB0E126C-7148-4CE9-9F96-A80A725A2E1E}.Release|Mixed Platforms.ActiveCfg = Release|Any CPU
		{CB0E126C-7148-4CE9-9F96-A80A725A2E1E}.Release|Mixed Platforms.Build.0 = Release|Any CPU
		{CB0E126C-7148-4CE9-9F96-A80A725A2E1E}.Release|Win32.ActiveCfg = Release|Any CPU
		{CB0E126C-7148-4CE9-9F96-A80A725A2E1E}.Release|x64.ActiveCfg = Release|Any CPU
		{CB0E126C-7148-4CE9-9F96-A80A725A2E1E}.Release|x86.ActiveCfg = Release|Any CPU
		{E8B621C0-C6FA-44D3-94B8-D73346B2EA9A}.Debug|Any CPU.ActiveCfg = Debug|Win32
		{E8B621C0-C6FA-44D3-94B8-D73346B2EA9A}.Debug|Mixed Platforms.ActiveCfg = Debug|Win32
		{E8B621C0-C6FA-44D3-94B8-D73346B2EA9A}.Debug|Mixed Platforms.Build.0 = Debug|Win32
		{E8B621C0-C6FA-44D3-94B8-D73346B2EA9A}.Debug|Win32.ActiveCfg = Debug|Win32
		{E8B621C0-C6FA-44D3-94B8-D73346B2EA9A}.Debug|Win32.Build.0 = Debug|Win32
		{E8B621C0-C6FA-44D3-94B8-D73346B2EA9A}.Debug|x64.ActiveCfg = Debug|Win32
		{E8B621C0-C6FA-44D3-94B8-D73346B2EA9A}.Debug|x86.ActiveCfg = Debug|Win32
		{E8B621C0-C6FA-44D3-94B8-D73346B2EA9A}.Debug|x86.Build.0 = Debug|Win32
		{E8B621C0-C6FA-44D3-94B8-D73346B2EA9A}.Release|Any CPU.ActiveCfg = Release|Win32
		{E8B621C0-C6FA-44D3-94B8-D73346B2EA9A}.Release|Mixed Platforms.ActiveCfg = Release|Win32
		{E8B621C0-C6FA-44D3-94B8-D73346B2EA9A}.Release|Mixed Platforms.Build.0 = Release|Win32
		{E8B621C0-C6FA-44D3-94B8-D73346B2EA9A}.Release|Win32.ActiveCfg = Release|Win32
		{E8B621C0-C6FA-44D3-94B8-D73346B2EA9A}.Release|Win32.Build.0 = Release|Win32
		{E8B621C0-C6FA-44D3-94B8-D73346B2EA9A}.Release|x64.ActiveCfg = Release|Win32
		{E8B621C0-C6FA-44D3-94B8-D73346B2EA9A}.Release|x86.ActiveCfg = Release|Win32
		{E8B621C0-C6FA-44D3-94B8-D73346B2EA9A}.Release|x86.Build.0 = Release|Win32
		{8A12954D-1F6A-4F84-BEC5-F00477780D74}.Debug|Any CPU.ActiveCfg = Debug|Any CPU
		{8A12954D-1F6A-4F84-BEC5-F00477780D74}.Debug|Any CPU.Build.0 = Debug|Any CPU
		{8A12954D-1F6A-4F84-BEC5-F00477780D74}.Debug|Mixed Platforms.ActiveCfg = Debug|Any CPU
		{8A12954D-1F6A-4F84-BEC5-F00477780D74}.Debug|Mixed Platforms.Build.0 = Debug|Any CPU
		{8A12954D-1F6A-4F84-BEC5-F00477780D74}.Debug|Win32.ActiveCfg = Debug|Any CPU
		{8A12954D-1F6A-4F84-BEC5-F00477780D74}.Debug|x64.ActiveCfg = Debug|Any CPU
		{8A12954D-1F6A-4F84-BEC5-F00477780D74}.Debug|x86.ActiveCfg = Debug|Any CPU
		{8A12954D-1F6A-4F84-BEC5-F00477780D74}.Release|Any CPU.ActiveCfg = Release|Any CPU
		{8A12954D-1F6A-4F84-BEC5-F00477780D74}.Release|Any CPU.Build.0 = Release|Any CPU
		{8A12954D-1F6A-4F84-BEC5-F00477780D74}.Release|Mixed Platforms.ActiveCfg = Release|Any CPU
		{8A12954D-1F6A-4F84-BEC5-F00477780D74}.Release|Mixed Platforms.Build.0 = Release|Any CPU
		{8A12954D-1F6A-4F84-BEC5-F00477780D74}.Release|Win32.ActiveCfg = Release|Any CPU
		{8A12954D-1F6A-4F84-BEC5-F00477780D74}.Release|x64.ActiveCfg = Release|Any CPU
		{8A12954D-1F6A-4F84-BEC5-F00477780D74}.Release|x86.ActiveCfg = Release|Any CPU
	EndGlobalSection
	GlobalSection(SolutionProperties) = preSolution
		HideSolutionNode = FALSE
	EndGlobalSection
	GlobalSection(NestedProjects) = preSolution
		{283892FC-9146-47EF-A4D5-48FA0EA01309} = {53AB46E2-A984-48A3-9375-96645E75A0A9}
		{7DD772FE-9E48-473F-A454-F475DC15D3CA} = {41F08AE4-D85B-4B72-A2EC-138DF59F6894}
		{82AF02F7-F237-4F83-9AEE-50E8EDB15B80} = {DA9160DF-D076-4EBD-9C8D-705B2C92BBA2}
		{1738C09F-38B4-48A2-B31A-301D5D7FBED3} = {280557A0-5489-4F9F-A203-16AA7EF5539F}
		{6B8F7A89-4D05-478B-B55C-C5D347637466} = {280557A0-5489-4F9F-A203-16AA7EF5539F}
		{C30B8263-1E81-4E5E-BDD4-E3624F92A47F} = {280557A0-5489-4F9F-A203-16AA7EF5539F}
		{1E712935-B4C8-45E4-BDA5-205709F31744} = {F7E4B594-1B8C-4F30-9EBA-91E58F682E46}
		{A4439BDA-E1DE-419E-AF98-A5674E6B8DFC} = {4A823D02-BAF7-41E0-B9ED-F3C3A3373DB3}
		{9B8764F0-E298-4A87-8862-1586B08360B1} = {4A823D02-BAF7-41E0-B9ED-F3C3A3373DB3}
		{DA3518F2-AF14-4D2C-924A-8BA45603A3AE} = {DA9160DF-D076-4EBD-9C8D-705B2C92BBA2}
		{55795FDB-D7CB-4084-ACE3-5628959ED99E} = {DA9160DF-D076-4EBD-9C8D-705B2C92BBA2}
	EndGlobalSection
EndGlobal
